
Microsoft Visual Studio Solution File, Format Version 12.00
# Visual Studio 14
VisualStudioVersion = 14.0.25420.1
MinimumVisualStudioVersion = 10.0.40219.1
Project("{FAE04EC0-301F-11D3-BF4B-00C04F79EFBC}") = "Exercise08", "Exercise08\Exercise08.csproj", "{4CA3C6F6-2006-4BD4-B105-235A3B00C629}"
EndProject
Global
	GlobalSection(SolutionConfigurationPlatforms) = preSolution
		Debug|Any CPU = Debug|Any CPU
		Release|Any CPU = Release|Any CPU
	EndGlobalSection
	GlobalSection(ProjectConfigurationPlatforms) = postSolution
		{4CA3C6F6-2006-4BD4-B105-235A3B00C629}.Debug|Any CPU.ActiveCfg = Debug|Any CPU
		{4CA3C6F6-2006-4BD4-B105-235A3B00C629}.Debug|Any CPU.Build.0 = Debug|Any CPU
		{4CA3C6F6-2006-4BD4-B105-235A3B00C629}.Release|Any CPU.ActiveCfg = Release|Any CPU
		{4CA3C6F6-2006-4BD4-B105-235A3B00C629}.Release|Any CPU.Build.0 = Release|Any CPU
	EndGlobalSection
	GlobalSection(SolutionProperties) = preSolution
		HideSolutionNode = FALSE
	EndGlobalSection
EndGlobal
